PODS:
  - AFNetworking (3.2.1):
    - AFNetworking/NSURLSession (= 3.2.1)
    - AFNetworking/Reachability (= 3.2.1)
    - AFNetworking/Security (= 3.2.1)
    - AFNetworking/Serialization (= 3.2.1)
    - AFNetworking/UIKit (= 3.2.1)
  - AFNetworking/NSURLSession (3.2.1):
    - AFNetworking/Reachability
    - AFNetworking/Security
    - AFNetworking/Serialization
  - AFNetworking/Reachability (3.2.1)
  - AFNetworking/Security (3.2.1)
  - AFNetworking/Serialization (3.2.1)
  - AFNetworking/UIKit (3.2.1):
    - AFNetworking/NSURLSession
  - AnyBoardEngine (1.0.7):
    - Socket.IO-Client-Swift (~> 13.1.3)
  - Masonry (1.1.0)
  - MBProgressHUD (1.1.0)
  - MJExtension (3.0.15.1)
  - RTMeetEngine (1.1.0)
  - SDWebImage (4.4.1):
    - SDWebImage/Core (= 4.4.1)
  - SDWebImage/Core (4.4.1)
  - Socket.IO-Client-Swift (13.1.3):
    - Starscream (~> 3.0.2)
  - Starscream (3.0.5)
  - TZImagePickerController (2.1.6)
  - WechatOpenSDK (1.8.2)
  - XHToast (1.4.0)

DEPENDENCIES:
  - AFNetworking
  - AnyBoardEngine
  - Masonry
  - MBProgressHUD
  - MJExtension
  - RTMeetEngine (~> 1.1.0)
  - SDWebImage
  - TZImagePickerController
  - WechatOpenSDK
  - XHToast (~> 1.4.0)

SPEC REPOS:
  https://github.com/CocoaPods/Specs.git:
    - AFNetworking
    - AnyBoardEngine
    - Masonry
    - MBProgressHUD
    - MJExtension
    - RTMeetEngine
    - SDWebImage
    - Socket.IO-Client-Swift
    - Starscream
    - TZImagePickerController
    - WechatOpenSDK
    - XHToast

SPEC CHECKSUMS:
  AFNetworking: b6f891fdfaed196b46c7a83cf209e09697b94057
  AnyBoardEngine: e64a2bc436f319a1a65472acedbce72097b2d565
  Masonry: 678fab65091a9290e40e2832a55e7ab731aad201
  MBProgressHUD: e7baa36a220447d8aeb12769bf0585582f3866d9
  MJExtension: 19bc33ce2eee2d319760f5622562cf581a6ff756
  RTMeetEngine: bf9e60358209f104fd27c3698acea6279225ed38
  SDWebImage: 47e9b5b925cbce75946c23f0c42dd19464189af4
  Socket.IO-Client-Swift: d30d6fd08a38ad2a182b090936a043bf512ab2de
  Starscream: faf918b2f2eff7d5dd21180646bf015a669673bd
  TZImagePickerController: bc25e933c9d970a622d052f0d4de16202bbcd863
  WechatOpenSDK: 676feec516a11173eafd1fe64b10d27babf28701
  XHToast: 3b354766d56d9df8fef8e64387bbd25c90d71a86

PODFILE CHECKSUM: c3dd1ccc3d4b55f8a817a758a9c9185ea300dbeb

COCOAPODS: 1.5.0
